// !$*UTF8*$!
{
	archiveVersion = 1;
	classes = {
	};
	objectVersion = 55;
	objects = {

/* Begin PBXBuildFile section */
		DD065ED9286C6F3F00B1B821 /* BorderButton.swift in Sources */ = {isa = PBXBuildFile; fileRef = DD065ED8286C6F3F00B1B821 /* BorderButton.swift */; };
		DD6A4CE128678C8500A1EF4F /* AppDelegate.swift in Sources */ = {isa = PBXBuildFile; fileRef = DD6A4CE028678C8500A1EF4F /* AppDelegate.swift */; };
		DD6A4CE328678C8500A1EF4F /* SceneDelegate.swift in Sources */ = {isa = PBXBuildFile; fileRef = DD6A4CE228678C8500A1EF4F /* SceneDelegate.swift */; };
		DD6A4CE528678C8500A1EF4F /* WelcomeVC.swift in Sources */ = {isa = PBXBuildFile; fileRef = DD6A4CE428678C8500A1EF4F /* WelcomeVC.swift */; };
		DD6A4CE828678C8500A1EF4F /* Main.storyboard in Resources */ = {isa = PBXBuildFile; fileRef = DD6A4CE628678C8500A1EF4F /* Main.storyboard */; };
		DD6A4CEA28678C8800A1EF4F /* Assets.xcassets in Resources */ = {isa = PBXBuildFile; fileRef = DD6A4CE928678C8800A1EF4F /* Assets.xcassets */; };
		DD6A4CED28678C8800A1EF4F /* LaunchScreen.storyboard in Resources */ = {isa = PBXBuildFile; fileRef = DD6A4CEB28678C8800A1EF4F /* LaunchScreen.storyboard */; };
		DDFDAF492874B74C00AC1997 /* LeagueVC.swift in Sources */ = {isa = PBXBuildFile; fileRef = DDFDAF482874B74C00AC1997 /* LeagueVC.swift */; };
		DDFDAF4B2874B76000AC1997 /* SkillVC.swift in Sources */ = {isa = PBXBuildFile; fileRef = DDFDAF4A2874B76000AC1997 /* SkillVC.swift */; };
/* End PBXBuildFile section */

/* Begin PBXFileReference section */
		DD065ED8286C6F3F00B1B821 /* BorderButton.swift */ = {isa = PBXFileReference; lastKnownFileType = sourcecode.swift; path = BorderButton.swift; sourceTree = "<group>"; };
		DD6A4CDD28678C8500A1EF4F /* app-swoosh.app */ = {isa = PBXFileReference; explicitFileType = wrapper.application; includeInIndex = 0; path = "app-swoosh.app"; sourceTree = BUILT_PRODUCTS_DIR; };
		DD6A4CE028678C8500A1EF4F /* AppDelegate.swift */ = {isa = PBXFileReference; lastKnownFileType = sourcecode.swift; path = AppDelegate.swift; sourceTree = "<group>"; };
		DD6A4CE228678C8500A1EF4F /* SceneDelegate.swift */ = {isa = PBXFileReference; lastKnownFileType = sourcecode.swift; path = SceneDelegate.swift; sourceTree = "<group>"; };
		DD6A4CE428678C8500A1EF4F /* WelcomeVC.swift */ = {isa = PBXFileReference; lastKnownFileType = sourcecode.swift; path = WelcomeVC.swift; sourceTree = "<group>"; };
		DD6A4CE728678C8500A1EF4F /* Base */ = {isa = PBXFileReference; lastKnownFileType = file.storyboard; name = Base; path = Base.lproj/Main.storyboard; sourceTree = "<group>"; };
		DD6A4CE928678C8800A1EF4F /* Assets.xcassets */ = {isa = PBXFileReference; lastKnownFileType = folder.assetcatalog; path = Assets.xcassets; sourceTree = "<group>"; };
		DD6A4CEC28678C8800A1EF4F /* Base */ = {isa = PBXFileReference; lastKnownFileType = file.storyboard; name = Base; path = Base.lproj/LaunchScreen.storyboard; sourceTree = "<group>"; };
		DD6A4CEE28678C8800A1EF4F /* Info.plist */ = {isa = PBXFileReference; lastKnownFileType = text.plist.xml; path = Info.plist; sourceTree = "<group>"; };
		DDFDAF482874B74C00AC1997 /* LeagueVC.swift */ = {isa = PBXFileReference; lastKnownFileType = sourcecode.swift; path = LeagueVC.swift; sourceTree = "<group>"; };
		DDFDAF4A2874B76000AC1997 /* SkillVC.swift */ = {isa = PBXFileReference; lastKnownFileType = sourcecode.swift; path = SkillVC.swift; sourceTree = "<group>"; };
/* End PBXFileReference section */

/* Begin PBXFrameworksBuildPhase section */
		DD6A4CDA28678C8500A1EF4F /* Frameworks */ = {
			isa = PBXFrameworksBuildPhase;
			buildActionMask = 2147483647;
			files = (
			);
			runOnlyForDeploymentPostprocessing = 0;
		};
/* End PBXFrameworksBuildPhase section */

/* Begin PBXGroup section */
		DD065ED7286BA88000B1B821 /* View */ = {
			isa = PBXGroup;
			children = (
				DD065ED8286C6F3F00B1B821 /* BorderButton.swift */,
			);
			path = View;
			sourceTree = "<group>";
		};
		DD6A4CD428678C8500A1EF4F = {
			isa = PBXGroup;
			children = (
				DD6A4CDF28678C8500A1EF4F /* app-swoosh */,
				DD6A4CDE28678C8500A1EF4F /* Products */,
			);
			sourceTree = "<group>";
		};
		DD6A4CDE28678C8500A1EF4F /* Products */ = {
			isa = PBXGroup;
			children = (
				DD6A4CDD28678C8500A1EF4F /* app-swoosh.app */,
			);
			name = Products;
			sourceTree = "<group>";
		};
		DD6A4CDF28678C8500A1EF4F /* app-swoosh */ = {
			isa = PBXGroup;
			children = (
				DDFDAF472874B62500AC1997 /* Model */,
				DDFDAF462874B61200AC1997 /* Controller */,
				DD065ED7286BA88000B1B821 /* View */,
				DD6A4CE028678C8500A1EF4F /* AppDelegate.swift */,
				DD6A4CE228678C8500A1EF4F /* SceneDelegate.swift */,
				DD6A4CE628678C8500A1EF4F /* Main.storyboard */,
				DD6A4CE928678C8800A1EF4F /* Assets.xcassets */,
				DD6A4CEB28678C8800A1EF4F /* LaunchScreen.storyboard */,
				DD6A4CEE28678C8800A1EF4F /* Info.plist */,
			);
			path = "app-swoosh";
			sourceTree = "<group>";
		};
		DDFDAF462874B61200AC1997 /* Controller */ = {
			isa = PBXGroup;
			children = (
				DD6A4CE428678C8500A1EF4F /* WelcomeVC.swift */,
				DDFDAF482874B74C00AC1997 /* LeagueVC.swift */,
				DDFDAF4A2874B76000AC1997 /* SkillVC.swift */,
			);
			path = Controller;
			sourceTree = "<group>";
		};
		DDFDAF472874B62500AC1997 /* Model */ = {
			isa = PBXGroup;
			children = (
			);
			path = Model;
			sourceTree = "<group>";
		};
/* End PBXGroup section */

/* Begin PBXNativeTarget section */
		DD6A4CDC28678C8500A1EF4F /* app-swoosh */ = {
			isa = PBXNativeTarget;
			buildConfigurationList = DD6A4CF128678C8800A1EF4F /* Build configuration list for PBXNativeTarget "app-swoosh" */;
			buildPhases = (
				DD6A4CD928678C8500A1EF4F /* Sources */,
				DD6A4CDA28678C8500A1EF4F /* Frameworks */,
				DD6A4CDB28678C8500A1EF4F /* Resources */,
			);
			buildRules = (
			);
			dependencies = (
			);
			name = "app-swoosh";
			productName = "app-swoosh";
			productReference = DD6A4CDD28678C8500A1EF4F /* app-swoosh.app */;
			productType = "com.apple.product-type.application";
		};
/* End PBXNativeTarget section */

/* Begin PBXProject section */
		DD6A4CD528678C8500A1EF4F /* Project object */ = {
			isa = PBXProject;
			attributes = {
				BuildIndependentTargetsInParallel = 1;
				LastSwiftUpdateCheck = 1330;
				LastUpgradeCheck = 1330;
				TargetAttributes = {
					DD6A4CDC28678C8500A1EF4F = {
						CreatedOnToolsVersion = 13.3;
					};
				};
			};
			buildConfigurationList = DD6A4CD828678C8500A1EF4F /* Build configuration list for PBXProject "app-swoosh" */;
			compatibilityVersion = "Xcode 13.0";
			developmentRegion = en;
			hasScannedForEncodings = 0;
			knownRegions = (
				en,
				Base,
			);
			mainGroup = DD6A4CD428678C8500A1EF4F;
			productRefGroup = DD6A4CDE28678C8500A1EF4F /* Products */;
			projectDirPath = "";
			projectRoot = "";
			targets = (
				DD6A4CDC28678C8500A1EF4F /* app-swoosh */,
			);
		};
/* End PBXProject section */

/* Begin PBXResourcesBuildPhase section */
		DD6A4CDB28678C8500A1EF4F /* Resources */ = {
			isa = PBXResourcesBuildPhase;
			buildActionMask = 2147483647;
			files = (
				DD6A4CED28678C8800A1EF4F /* LaunchScreen.storyboard in Resources */,
				DD6A4CEA28678C8800A1EF4F /* Assets.xcassets in Resources */,
				DD6A4CE828678C8500A1EF4F /* Main.storyboard in Resources */,
			);
			runOnlyForDeploymentPostprocessing = 0;
		};
/* End PBXResourcesBuildPhase section */

/* Begin PBXSourcesBuildPhase section */
		DD6A4CD928678C8500A1EF4F /* Sources */ = {
			isa = PBXSourcesBuildPhase;
			buildActionMask = 2147483647;
			files = (
				DDFDAF492874B74C00AC1997 /* LeagueVC.swift in Sources */,
				DD6A4CE528678C8500A1EF4F /* WelcomeVC.swift in Sources */,
				DD6A4CE128678C8500A1EF4F /* AppDelegate.swift in Sources */,
				DD6A4CE328678C8500A1EF4F /* SceneDelegate.swift in Sources */,
				DDFDAF4B2874B76000AC1997 /* SkillVC.swift in Sources */,
				DD065ED9286C6F3F00B1B821 /* BorderButton.swift in Sources */,
			);
			runOnlyForDeploymentPostprocessing = 0;
		};
/* End PBXSourcesBuildPhase section */

/* Begin PBXVariantGroup section */
		DD6A4CE628678C8500A1EF4F /* Main.storyboard */ = {
			isa = PBXVariantGroup;
			children = (
				DD6A4CE728678C8500A1EF4F /* Base */,
			);
			name = Main.storyboard;
			sourceTree = "<group>";
		};
		DD6A4CEB28678C8800A1EF4F /* LaunchScreen.storyboard */ = {
			isa = PBXVariantGroup;
			children = (
				DD6A4CEC28678C8800A1EF4F /* Base */,
			);
			name = LaunchScreen.storyboard;
			sourceTree = "<group>";
		};
/* End PBXVariantGroup section */

/* Begin XCBuildConfiguration section */
		DD6A4CEF28678C8800A1EF4F /* Debug */ = {
			isa = XCBuildConfiguration;
			buildSettings = {
				ALWAYS_SEARCH_USER_PATHS = NO;
				CLANG_ANALYZER_NONNULL = YES;
				CLANG_ANALYZER_NUMBER_OBJECT_CONVERSION = YES_AGGRESSIVE;
				CLANG_CXX_LANGUAGE_STANDARD = "gnu++17";
				CLANG_ENABLE_MODULES = YES;
				CLANG_ENABLE_OBJC_ARC = YES;
				CLANG_ENABLE_OBJC_WEAK = YES;
				CLANG_WARN_BLOCK_CAPTURE_AUTORELEASING = YES;
				CLANG_WARN_BOOL_CONVERSION = YES;
				CLANG_WARN_COMMA = YES;
				CLANG_WARN_CONSTANT_CONVERSION = YES;
				CLANG_WARN_DEPRECATED_OBJC_IMPLEMENTATIONS = YES;
				CLANG_WARN_DIRECT_OBJC_ISA_USAGE = YES_ERROR;
				CLANG_WARN_DOCUMENTATION_COMMENTS = YES;
				CLANG_WARN_EMPTY_BODY = YES;
				CLANG_WARN_ENUM_CONVERSION = YES;
				CLANG_WARN_INFINITE_RECURSION = YES;
				CLANG_WARN_INT_CONVERSION = YES;
				CLANG_WARN_NON_LITERAL_NULL_CONVERSION = YES;
				CLANG_WARN_OBJC_IMPLICIT_RETAIN_SELF = YES;
				CLANG_WARN_OBJC_LITERAL_CONVERSION = YES;
				CLANG_WARN_OBJC_ROOT_CLASS = YES_ERROR;
				CLANG_WARN_QUOTED_INCLUDE_IN_FRAMEWORK_HEADER = YES;
				CLANG_WARN_RANGE_LOOP_ANALYSIS = YES;
				CLANG_WARN_STRICT_PROTOTYPES = YES;
				CLANG_WARN_SUSPICIOUS_MOVE = YES;
				CLANG_WARN_UNGUARDED_AVAILABILITY = YES_AGGRESSIVE;
				CLANG_WARN_UNREACHABLE_CODE = YES;
				CLANG_WARN__DUPLICATE_METHOD_MATCH = YES;
				COPY_PHASE_STRIP = NO;
				DEBUG_INFORMATION_FORMAT = dwarf;
				ENABLE_STRICT_OBJC_MSGSEND = YES;
				ENABLE_TESTABILITY = YES;
				GCC_C_LANGUAGE_STANDARD = gnu11;
				GCC_DYNAMIC_NO_PIC = NO;
				GCC_NO_COMMON_BLOCKS = YES;
				GCC_OPTIMIZATION_LEVEL = 0;
				GCC_PREPROCESSOR_DEFINITIONS = (
					"DEBUG=1",
					"$(inherited)",
				);
				GCC_WARN_64_TO_32_BIT_CONVERSION = YES;
				GCC_WARN_ABOUT_RETURN_TYPE = YES_ERROR;
				GCC_WARN_UNDECLARED_SELECTOR = YES;
				GCC_WARN_UNINITIALIZED_AUTOS = YES_AGGRESSIVE;
				GCC_WARN_UNUSED_FUNCTION = YES;
				GCC_WARN_UNUSED_VARIABLE = YES;
				IPHONEOS_DEPLOYMENT_TARGET = 15.4;
				MTL_ENABLE_DEBUG_INFO = INCLUDE_SOURCE;
				MTL_FAST_MATH = YES;
				ONLY_ACTIVE_ARCH = YES;
				SDKROOT = iphoneos;
				SWIFT_ACTIVE_COMPILATION_CONDITIONS = DEBUG;
				SWIFT_OPTIMIZATION_LEVEL = "-Onone";
			};
			name = Debug;
		};
		DD6A4CF028678C8800A1EF4F /* Release */ = {
			isa = XCBuildConfiguration;
			buildSettings = {
				ALWAYS_SEARCH_USER_PATHS = NO;
				CLANG_ANALYZER_NONNULL = YES;
				CLANG_ANALYZER_NUMBER_OBJECT_CONVERSION = YES_AGGRESSIVE;
				CLANG_CXX_LANGUAGE_STANDARD = "gnu++17";
				CLANG_ENABLE_MODULES = YES;
				CLANG_ENABLE_OBJC_ARC = YES;
				CLANG_ENABLE_OBJC_WEAK = YES;
				CLANG_WARN_BLOCK_CAPTURE_AUTORELEASING = YES;
				CLANG_WARN_BOOL_CONVERSION = YES;
				CLANG_WARN_COMMA = YES;
				CLANG_WARN_CONSTANT_CONVERSION = YES;
				CLANG_WARN_DEPRECATED_OBJC_IMPLEMENTATIONS = YES;
				CLANG_WARN_DIRECT_OBJC_ISA_USAGE = YES_ERROR;
				CLANG_WARN_DOCUMENTATION_COMMENTS = YES;
				CLANG_WARN_EMPTY_BODY = YES;
				CLANG_WARN_ENUM_CONVERSION = YES;
				CLANG_WARN_INFINITE_RECURSION = YES;
				CLANG_WARN_INT_CONVERSION = YES;
				CLANG_WARN_NON_LITERAL_NULL_CONVERSION = YES;
				CLANG_WARN_OBJC_IMPLICIT_RETAIN_SELF = YES;
				CLANG_WARN_OBJC_LITERAL_CONVERSION = YES;
				CLANG_WARN_OBJC_ROOT_CLASS = YES_ERROR;
				CLANG_WARN_QUOTED_INCLUDE_IN_FRAMEWORK_HEADER = YES;
				CLANG_WARN_RANGE_LOOP_ANALYSIS = YES;
				CLANG_WARN_STRICT_PROTOTYPES = YES;
				CLANG_WARN_SUSPICIOUS_MOVE = YES;
				CLANG_WARN_UNGUARDED_AVAILABILITY = YES_AGGRESSIVE;
				CLANG_WARN_UNREACHABLE_CODE = YES;
				CLANG_WARN__DUPLICATE_METHOD_MATCH = YES;
				COPY_PHASE_STRIP = NO;
				DEBUG_INFORMATION_FORMAT = "dwarf-with-dsym";
				ENABLE_NS_ASSERTIONS = NO;
				ENABLE_STRICT_OBJC_MSGSEND = YES;
				GCC_C_LANGUAGE_STANDARD = gnu11;
				GCC_NO_COMMON_BLOCKS = YES;
				GCC_WARN_64_TO_32_BIT_CONVERSION = YES;
				GCC_WARN_ABOUT_RETURN_TYPE = YES_ERROR;
				GCC_WARN_UNDECLARED_SELECTOR = YES;
				GCC_WARN_UNINITIALIZED_AUTOS = YES_AGGRESSIVE;
				GCC_WARN_UNUSED_FUNCTION = YES;
				GCC_WARN_UNUSED_VARIABLE = YES;
				IPHONEOS_DEPLOYMENT_TARGET = 15.4;
				MTL_ENABLE_DEBUG_INFO = NO;
				MTL_FAST_MATH = YES;
				SDKROOT = iphoneos;
				SWIFT_COMPILATION_MODE = wholemodule;
				SWIFT_OPTIMIZATION_LEVEL = "-O";
				VALIDATE_PRODUCT = YES;
			};
			name = Release;
		};
		DD6A4CF228678C8800A1EF4F /* Debug */ = {
			isa = XCBuildConfiguration;
			buildSettings = {
				ASSETCATALOG_COMPILER_APPICON_NAME = AppIcon;
				ASSETCATALOG_COMPILER_GLOBAL_ACCENT_COLOR_NAME = AccentColor;
				CODE_SIGN_STYLE = Automatic;
				CURRENT_PROJECT_VERSION = 1;
				DEVELOPMENT_TEAM = 5BWW3LWYZP;
				GENERATE_INFOPLIST_FILE = YES;
				INFOPLIST_FILE = "app-swoosh/Info.plist";
				INFOPLIST_KEY_UIApplicationSupportsIndirectInputEvents = YES;
				INFOPLIST_KEY_UILaunchStoryboardName = LaunchScreen;
				INFOPLIST_KEY_UIMainStoryboardFile = Main;
				INFOPLIST_KEY_UISupportedInterfaceOrientations_iPad = "UIInterfaceOrientationPortrait UIInterfaceOrientationPortraitUpsideDown UIInterfaceOrientationLandscapeLeft UIInterfaceOrientationLandscapeRight";
				INFOPLIST_KEY_UISupportedInterfaceOrientations_iPhone = "UIInterfaceOrientationPortrait UIInterfaceOrientationLandscapeLeft UIInterfaceOrientationLandscapeRight";
				LD_RUNPATH_SEARCH_PATHS = (
					"$(inherited)",
					"@executable_path/Frameworks",
				);
				MARKETING_VERSION = 1.0;
				PRODUCT_BUNDLE_IDENTIFIER = "ahmetgultekin.app-swoosh";
				PRODUCT_NAME = "$(TARGET_NAME)";
				SWIFT_EMIT_LOC_STRINGS = YES;
				SWIFT_VERSION = 5.0;
				TARGETED_DEVICE_FAMILY = "1,2";
			};
			name = Debug;
		};
		DD6A4CF328678C8800A1EF4F /* Release */ = {
			isa = XCBuildConfiguration;
			buildSettings = {
				ASSETCATALOG_COMPILER_APPICON_NAME = AppIcon;
				ASSETCATALOG_COMPILER_GLOBAL_ACCENT_COLOR_NAME = AccentColor;
				CODE_SIGN_STYLE = Automatic;
				CURRENT_PROJECT_VERSION = 1;
				DEVELOPMENT_TEAM = 5BWW3LWYZP;
				GENERATE_INFOPLIST_FILE = YES;
				INFOPLIST_FILE = "app-swoosh/Info.plist";
				INFOPLIST_KEY_UIApplicationSupportsIndirectInputEvents = YES;
				INFOPLIST_KEY_UILaunchStoryboardName = LaunchScreen;
				INFOPLIST_KEY_UIMainStoryboardFile = Main;
				INFOPLIST_KEY_UISupportedInterfaceOrientations_iPad = "UIInterfaceOrientationPortrait UIInterfaceOrientationPortraitUpsideDown UIInterfaceOrientationLandscapeLeft UIInterfaceOrientationLandscapeRight";
				INFOPLIST_KEY_UISupportedInterfaceOrientations_iPhone = "UIInterfaceOrientationPortrait UIInterfaceOrientationLandscapeLeft UIInterfaceOrientationLandscapeRight";
				LD_RUNPATH_SEARCH_PATHS = (
					"$(inherited)",
					"@executable_path/Frameworks",
				);
				MARKETING_VERSION = 1.0;
				PRODUCT_BUNDLE_IDENTIFIER = "ahmetgultekin.app-swoosh";
				PRODUCT_NAME = "$(TARGET_NAME)";
				SWIFT_EMIT_LOC_STRINGS = YES;
				SWIFT_VERSION = 5.0;
				TARGETED_DEVICE_FAMILY = "1,2";
			};
			name = Release;
		};
/* End XCBuildConfiguration section */

/* Begin XCConfigurationList section */
		DD6A4CD828678C8500A1EF4F /* Build configuration list for PBXProject "app-swoosh" */ = {
			isa = XCConfigurationList;
			buildConfigurations = (
				DD6A4CEF28678C8800A1EF4F /* Debug */,
				DD6A4CF028678C8800A1EF4F /* Release */,
			);
			defaultConfigurationIsVisible = 0;
			defaultConfigurationName = Release;
		};
		DD6A4CF128678C8800A1EF4F /* Build configuration list for PBXNativeTarget "app-swoosh" */ = {
			isa = XCConfigurationList;
			buildConfigurations = (
				DD6A4CF228678C8800A1EF4F /* Debug */,
				DD6A4CF328678C8800A1EF4F /* Release */,
			);
			defaultConfigurationIsVisible = 0;
			defaultConfigurationName = Release;
		};
/* End XCConfigurationList section */
	};
	rootObject = DD6A4CD528678C8500A1EF4F /* Project object */;
}
